Microsoft Visual Studio Solution File, Format Version 8.00
Project("{8BC9CEB8-8B4A-11D0-8D11-00A0C91BC942}") = "libsimon", "libsimon.vcproj", "{101E1903-B941-4DCF-A36F-4F30B1F51708}"
	ProjectSection(ProjectDependencies) = postProject
	EndProjectSection
EndProject
Project("{8BC9CEB8-8B4A-11D0-8D11-00A0C91BC942}") = "visualSimon", "visualSimon.vcproj", "{6054DB20-D730-482C-A713-897C02A78C4D}"
	ProjectSection(ProjectDependencies) = postProject
		{101E1903-B941-4DCF-A36F-4F30B1F51708} = {101E1903-B941-4DCF-A36F-4F30B1F51708}
	EndProjectSection
EndProject
Global
	GlobalSection(SolutionConfiguration) = preSolution
		Debug = Debug
		Release = Release
	EndGlobalSection
	GlobalSection(ProjectConfiguration) = postSolution
		{101E1903-B941-4DCF-A36F-4F30B1F51708}.Debug.ActiveCfg = Debug|Win32
		{101E1903-B941-4DCF-A36F-4F30B1F51708}.Debug.Build.0 = Debug|Win32
		{101E1903-B941-4DCF-A36F-4F30B1F51708}.Release.ActiveCfg = Release|Win32
		{101E1903-B941-4DCF-A36F-4F30B1F51708}.Release.Build.0 = Release|Win32
		{6054DB20-D730-482C-A713-897C02A78C4D}.Debug.ActiveCfg = Debug|Win32
		{6054DB20-D730-482C-A713-897C02A78C4D}.Debug.Build.0 = Debug|Win32
		{6054DB20-D730-482C-A713-897C02A78C4D}.Release.ActiveCfg = Release|Win32
		{6054DB20-D730-482C-A713-897C02A78C4D}.Release.Build.0 = Release|Win32
	EndGlobalSection
	GlobalSection(SolutionItems) = postSolution
		AUTHORS = AUTHORS
		COPYRIGHT = COPYRIGHT
		LICENSE = LICENSE
	EndGlobalSection
	GlobalSection(ExtensibilityGlobals) = postSolution
	EndGlobalSection
	GlobalSection(ExtensibilityAddIns) = postSolution
	EndGlobalSection
EndGlobal
